
Microsoft Visual Studio Solution File, Format Version 12.00
# Visual Studio Version 16
VisualStudioVersion = 16.0.30114.105
MinimumVisualStudioVersion = 10.0.40219.1
Project("{FAE04EC0-301F-11D3-BF4B-00C04F79EFBC}") = "portside.domain.core", "portside.domain.core\portside.domain.core.csproj", "{D07754B5-4E4E-446E-B81B-FC3E84B01A92}"
EndProject
Project("{FAE04EC0-301F-11D3-BF4B-00C04F79EFBC}") = "webapi", "webapi\webapi.csproj", "{686D90C8-2971-4DB5-98FA-94B6522651B9}"
EndProject
Global
	GlobalSection(SolutionConfigurationPlatforms) = preSolution
		Debug|Any CPU = Debug|Any CPU
		Release|Any CPU = Release|Any CPU
	EndGlobalSection
	GlobalSection(SolutionProperties) = preSolution
		HideSolutionNode = FALSE
	EndGlobalSection
	GlobalSection(ProjectConfigurationPlatforms) = postSolution
		{D07754B5-4E4E-446E-B81B-FC3E84B01A92}.Debug|Any CPU.ActiveCfg = Debug|Any CPU
		{D07754B5-4E4E-446E-B81B-FC3E84B01A92}.Debug|Any CPU.Build.0 = Debug|Any CPU
		{D07754B5-4E4E-446E-B81B-FC3E84B01A92}.Release|Any CPU.ActiveCfg = Release|Any CPU
		{D07754B5-4E4E-446E-B81B-FC3E84B01A92}.Release|Any CPU.Build.0 = Release|Any CPU
		{686D90C8-2971-4DB5-98FA-94B6522651B9}.Debug|Any CPU.ActiveCfg = Debug|Any CPU
		{686D90C8-2971-4DB5-98FA-94B6522651B9}.Debug|Any CPU.Build.0 = Debug|Any CPU
		{686D90C8-2971-4DB5-98FA-94B6522651B9}.Release|Any CPU.ActiveCfg = Release|Any CPU
		{686D90C8-2971-4DB5-98FA-94B6522651B9}.Release|Any CPU.Build.0 = Release|Any CPU
	EndGlobalSection
EndGlobal
